
Microsoft Visual Studio Solution File, Format Version 10.00
# Visual Studio 2008
Project("{8BC9CEB8-8B4A-11D0-8D11-00A0C91BC942}") = "Euler14", "Euler14.vcproj", "{11BD3526-B65B-4813-AE87-C8B7B37CDEFF}"
EndProject
Global
	GlobalSection(SolutionConfigurationPlatforms) = preSolution
		Debug|Win32 = Debug|Win32
		Release|Win32 = Release|Win32
	EndGlobalSection
	GlobalSection(ProjectConfigurationPlatforms) = postSolution
		{11BD3526-B65B-4813-AE87-C8B7B37CDEFF}.Debug|Win32.ActiveCfg = Debug|Win32
		{11BD3526-B65B-4813-AE87-C8B7B37CDEFF}.Debug|Win32.Build.0 = Debug|Win32
		{11BD3526-B65B-4813-AE87-C8B7B37CDEFF}.Release|Win32.ActiveCfg = Release|Win32
		{11BD3526-B65B-4813-AE87-C8B7B37CDEFF}.Release|Win32.Build.0 = Release|Win32
	EndGlobalSection
	GlobalSection(SolutionProperties) = preSolution
		HideSolutionNode = FALSE
	EndGlobalSection
EndGlobal
